
Microsoft Visual Studio Solution File, Format Version 12.00
# Visual Studio 15
VisualStudioVersion = 15.0.28307.539
MinimumVisualStudioVersion = 10.0.40219.1
Project("{FAE04EC0-301F-11D3-BF4B-00C04F79EFBC}") = "MyCSharpPractices", "MyCSharpPractices\MyCSharpPractices.csproj", "{BB0B14EE-2ECB-4339-8574-A608323472FB}"
EndProject
Project("{FAE04EC0-301F-11D3-BF4B-00C04F79EFBC}") = "AccountTest", "AccountTest\AccountTest.csproj", "{8B404C5B-0282-406F-9308-20961D7FFADF}"
EndProject
Global
	GlobalSection(SolutionConfigurationPlatforms) = preSolution
		Debug|Any CPU = Debug|Any CPU
		Release|Any CPU = Release|Any CPU
	EndGlobalSection
	GlobalSection(ProjectConfigurationPlatforms) = postSolution
		{BB0B14EE-2ECB-4339-8574-A608323472FB}.Debug|Any CPU.ActiveCfg = Debug|Any CPU
		{BB0B14EE-2ECB-4339-8574-A608323472FB}.Debug|Any CPU.Build.0 = Debug|Any CPU
		{BB0B14EE-2ECB-4339-8574-A608323472FB}.Release|Any CPU.ActiveCfg = Release|Any CPU
		{BB0B14EE-2ECB-4339-8574-A608323472FB}.Release|Any CPU.Build.0 = Release|Any CPU
		{8B404C5B-0282-406F-9308-20961D7FFADF}.Debug|Any CPU.ActiveCfg = Debug|Any CPU
		{8B404C5B-0282-406F-9308-20961D7FFADF}.Debug|Any CPU.Build.0 = Debug|Any CPU
		{8B404C5B-0282-406F-9308-20961D7FFADF}.Release|Any CPU.ActiveCfg = Release|Any CPU
		{8B404C5B-0282-406F-9308-20961D7FFADF}.Release|Any CPU.Build.0 = Release|Any CPU
	EndGlobalSection
	GlobalSection(SolutionProperties) = preSolution
		HideSolutionNode = FALSE
	EndGlobalSection
	GlobalSection(ExtensibilityGlobals) = postSolution
		SolutionGuid = {7D12A680-D79E-4CAC-9183-9ABF11A2AABF}
	EndGlobalSection
EndGlobal
